// !$*UTF8*$!
{
	archiveVersion = 1;
	classes = {
	};
	objectVersion = 48;
	objects = {

/* Begin PBXBuildFile section */
		5429FAA120160AE6001D2F63 /* ArtistTableViewController.swift in Sources */ = {isa = PBXBuildFile; fileRef = 5429FAA020160AE6001D2F63 /* ArtistTableViewController.swift */; };
		5429FAA4201617A4001D2F63 /* ArtistTableViewCell.swift in Sources */ = {isa = PBXBuildFile; fileRef = 5429FAA2201617A4001D2F63 /* ArtistTableViewCell.swift */; };
		5429FAA5201617A4001D2F63 /* ArtistTableViewCell.xib in Resources */ = {isa = PBXBuildFile; fileRef = 5429FAA3201617A4001D2F63 /* ArtistTableViewCell.xib */; };
		5429FAA920162F0B001D2F63 /* AlbumCollectionViewController.swift in Sources */ = {isa = PBXBuildFile; fileRef = 5429FAA820162F0B001D2F63 /* AlbumCollectionViewController.swift */; };
		5429FAAC20162F1F001D2F63 /* AlbumCollectionViewCell.swift in Sources */ = {isa = PBXBuildFile; fileRef = 5429FAAA20162F1F001D2F63 /* AlbumCollectionViewCell.swift */; };
		5429FAAD20162F1F001D2F63 /* AlbumCollectionViewCell.xib in Resources */ = {isa = PBXBuildFile; fileRef = 5429FAAB20162F1F001D2F63 /* AlbumCollectionViewCell.xib */; };
		5429FAAF2016E35D001D2F63 /* SongTableViewController.swift in Sources */ = {isa = PBXBuildFile; fileRef = 5429FAAE2016E35D001D2F63 /* SongTableViewController.swift */; };
		5429FAB22016E381001D2F63 /* SongTableViewCell.swift in Sources */ = {isa = PBXBuildFile; fileRef = 5429FAB02016E381001D2F63 /* SongTableViewCell.swift */; };
		5429FAB32016E381001D2F63 /* SongTableViewCell.xib in Resources */ = {isa = PBXBuildFile; fileRef = 5429FAB12016E381001D2F63 /* SongTableViewCell.xib */; };
		5429FAB620179CD3001D2F63 /* TrackTableViewCell.swift in Sources */ = {isa = PBXBuildFile; fileRef = 5429FAB420179CD3001D2F63 /* TrackTableViewCell.swift */; };
		5429FAB720179CD3001D2F63 /* TrackTableViewCell.xib in Resources */ = {isa = PBXBuildFile; fileRef = 5429FAB520179CD3001D2F63 /* TrackTableViewCell.xib */; };
		5461410F201B6DA0000D6ED4 /* TrackTableViewHeaderView.xib in Resources */ = {isa = PBXBuildFile; fileRef = 5461410E201B6DA0000D6ED4 /* TrackTableViewHeaderView.xib */; };
		54614113201B6DE5000D6ED4 /* TrackTableViewHeaderView.swift in Sources */ = {isa = PBXBuildFile; fileRef = 54614112201B6DE5000D6ED4 /* TrackTableViewHeaderView.swift */; };
		54614115201C50D7000D6ED4 /* TrackTableViewController.swift in Sources */ = {isa = PBXBuildFile; fileRef = 54614114201C50D7000D6ED4 /* TrackTableViewController.swift */; };
		5489A9FC20146D6400B26F62 /* AppDelegate.swift in Sources */ = {isa = PBXBuildFile; fileRef = 5489A9FB20146D6400B26F62 /* AppDelegate.swift */; };
		5489AA0320146D6400B26F62 /* Main.storyboard in Resources */ = {isa = PBXBuildFile; fileRef = 5489AA0120146D6400B26F62 /* Main.storyboard */; };
		5489AA0520146D6400B26F62 /* Assets.xcassets in Resources */ = {isa = PBXBuildFile; fileRef = 5489AA0420146D6400B26F62 /* Assets.xcassets */; };
		5489AA0820146D6400B26F62 /* LaunchScreen.storyboard in Resources */ = {isa = PBXBuildFile; fileRef = 5489AA0620146D6400B26F62 /* LaunchScreen.storyboard */; };
		5489AA1020146E9400B26F62 /* MusicLibrary.swift in Sources */ = {isa = PBXBuildFile; fileRef = 5489AA0F20146E9400B26F62 /* MusicLibrary.swift */; };
		5489AA1D2014BA4D00B26F62 /* LibraryBasicTableViewCell.swift in Sources */ = {isa = PBXBuildFile; fileRef = 5489AA1B2014BA4D00B26F62 /* LibraryBasicTableViewCell.swift */; };
		5489AA1E2014BA4D00B26F62 /* LibraryBasicTableViewCell.xib in Resources */ = {isa = PBXBuildFile; fileRef = 5489AA1C2014BA4D00B26F62 /* LibraryBasicTableViewCell.xib */; };
		5489AA202014C3DB00B26F62 /* LibraryTableViewController.swift in Sources */ = {isa = PBXBuildFile; fileRef = 5489AA1F2014C3DB00B26F62 /* LibraryTableViewController.swift */; };
		5489AA282014FB2800B26F62 /* LibraryArtistInitialCollectionViewController.swift in Sources */ = {isa = PBXBuildFile; fileRef = 5489AA272014FB2800B26F62 /* LibraryArtistInitialCollectionViewController.swift */; };
		5489AA2D2015008100B26F62 /* LibraryArtistInitialCollectionViewCell.swift in Sources */ = {isa = PBXBuildFile; fileRef = 5489AA2B2015008100B26F62 /* LibraryArtistInitialCollectionViewCell.swift */; };
		5489AA2E2015008100B26F62 /* LibraryArtistInitialCollectionViewCell.xib in Resources */ = {isa = PBXBuildFile; fileRef = 5489AA2C2015008100B26F62 /* LibraryArtistInitialCollectionViewCell.xib */; };
		54984E822018DC9F002D8203 /* Downloader.swift in Sources */ = {isa = PBXBuildFile; fileRef = 54984E812018DC9F002D8203 /* Downloader.swift */; };
/* End PBXBuildFile section */

/* Begin PBXFileReference section */
		5429FAA020160AE6001D2F63 /* ArtistTableViewController.swift */ = {isa = PBXFileReference; lastKnownFileType = sourcecode.swift; path = ArtistTableViewController.swift; sourceTree = "<group>"; };
		5429FAA2201617A4001D2F63 /* ArtistTableViewCell.swift */ = {isa = PBXFileReference; lastKnownFileType = sourcecode.swift; path = ArtistTableViewCell.swift; sourceTree = "<group>"; };
		5429FAA3201617A4001D2F63 /* ArtistTableViewCell.xib */ = {isa = PBXFileReference; lastKnownFileType = file.xib; path = ArtistTableViewCell.xib; sourceTree = "<group>"; };
		5429FAA820162F0B001D2F63 /* AlbumCollectionViewController.swift */ = {isa = PBXFileReference; lastKnownFileType = sourcecode.swift; path = AlbumCollectionViewController.swift; sourceTree = "<group>"; };
		5429FAAA20162F1F001D2F63 /* AlbumCollectionViewCell.swift */ = {isa = PBXFileReference; lastKnownFileType = sourcecode.swift; path = AlbumCollectionViewCell.swift; sourceTree = "<group>"; };
		5429FAAB20162F1F001D2F63 /* AlbumCollectionViewCell.xib */ = {isa = PBXFileReference; lastKnownFileType = file.xib; path = AlbumCollectionViewCell.xib; sourceTree = "<group>"; };
		5429FAAE2016E35D001D2F63 /* SongTableViewController.swift */ = {isa = PBXFileReference; lastKnownFileType = sourcecode.swift; path = SongTableViewController.swift; sourceTree = "<group>"; };
		5429FAB02016E381001D2F63 /* SongTableViewCell.swift */ = {isa = PBXFileReference; lastKnownFileType = sourcecode.swift; path = SongTableViewCell.swift; sourceTree = "<group>"; };
		5429FAB12016E381001D2F63 /* SongTableViewCell.xib */ = {isa = PBXFileReference; lastKnownFileType = file.xib; path = SongTableViewCell.xib; sourceTree = "<group>"; };
		5429FAB420179CD3001D2F63 /* TrackTableViewCell.swift */ = {isa = PBXFileReference; lastKnownFileType = sourcecode.swift; path = TrackTableViewCell.swift; sourceTree = "<group>"; };
		5429FAB520179CD3001D2F63 /* TrackTableViewCell.xib */ = {isa = PBXFileReference; lastKnownFileType = file.xib; path = TrackTableViewCell.xib; sourceTree = "<group>"; };
		5461410E201B6DA0000D6ED4 /* TrackTableViewHeaderView.xib */ = {isa = PBXFileReference; lastKnownFileType = file.xib; path = TrackTableViewHeaderView.xib; sourceTree = "<group>"; };
		54614112201B6DE5000D6ED4 /* TrackTableViewHeaderView.swift */ = {isa = PBXFileReference; lastKnownFileType = sourcecode.swift; path = TrackTableViewHeaderView.swift; sourceTree = "<group>"; };
		54614114201C50D7000D6ED4 /* TrackTableViewController.swift */ = {isa = PBXFileReference; lastKnownFileType = sourcecode.swift; path = TrackTableViewController.swift; sourceTree = "<group>"; };
		5489A9F820146D6400B26F62 /* Chart Watch.app */ = {isa = PBXFileReference; explicitFileType = wrapper.application; includeInIndex = 0; path = "Chart Watch.app"; sourceTree = BUILT_PRODUCTS_DIR; };
		5489A9FB20146D6400B26F62 /* AppDelegate.swift */ = {isa = PBXFileReference; lastKnownFileType = sourcecode.swift; path = AppDelegate.swift; sourceTree = "<group>"; };
		5489AA0220146D6400B26F62 /* Base */ = {isa = PBXFileReference; lastKnownFileType = file.storyboard; name = Base; path = Base.lproj/Main.storyboard; sourceTree = "<group>"; };
		5489AA0420146D6400B26F62 /* Assets.xcassets */ = {isa = PBXFileReference; lastKnownFileType = folder.assetcatalog; path = Assets.xcassets; sourceTree = "<group>"; };
		5489AA0720146D6400B26F62 /* Base */ = {isa = PBXFileReference; lastKnownFileType = file.storyboard; name = Base; path = Base.lproj/LaunchScreen.storyboard; sourceTree = "<group>"; };
		5489AA0920146D6400B26F62 /* Info.plist */ = {isa = PBXFileReference; lastKnownFileType = text.plist.xml; path = Info.plist; sourceTree = "<group>"; };
		5489AA0F20146E9400B26F62 /* MusicLibrary.swift */ = {isa = PBXFileReference; lastKnownFileType = sourcecode.swift; path = MusicLibrary.swift; sourceTree = "<group>"; };
		5489AA1B2014BA4D00B26F62 /* LibraryBasicTableViewCell.swift */ = {isa = PBXFileReference; lastKnownFileType = sourcecode.swift; path = LibraryBasicTableViewCell.swift; sourceTree = "<group>"; };
		5489AA1C2014BA4D00B26F62 /* LibraryBasicTableViewCell.xib */ = {isa = PBXFileReference; lastKnownFileType = file.xib; path = LibraryBasicTableViewCell.xib; sourceTree = "<group>"; };
		5489AA1F2014C3DB00B26F62 /* LibraryTableViewController.swift */ = {isa = PBXFileReference; lastKnownFileType = sourcecode.swift; path = LibraryTableViewController.swift; sourceTree = "<group>"; };
		5489AA272014FB2800B26F62 /* LibraryArtistInitialCollectionViewController.swift */ = {isa = PBXFileReference; lastKnownFileType = sourcecode.swift; path = LibraryArtistInitialCollectionViewController.swift; sourceTree = "<group>"; };
		5489AA2B2015008100B26F62 /* LibraryArtistInitialCollectionViewCell.swift */ = {isa = PBXFileReference; lastKnownFileType = sourcecode.swift; path = LibraryArtistInitialCollectionViewCell.swift; sourceTree = "<group>"; };
		5489AA2C2015008100B26F62 /* LibraryArtistInitialCollectionViewCell.xib */ = {isa = PBXFileReference; lastKnownFileType = file.xib; path = LibraryArtistInitialCollectionViewCell.xib; sourceTree = "<group>"; };
		54984E812018DC9F002D8203 /* Downloader.swift */ = {isa = PBXFileReference; lastKnownFileType = sourcecode.swift; path = Downloader.swift; sourceTree = "<group>"; };
/* End PBXFileReference section */

/* Begin PBXFrameworksBuildPhase section */
		5489A9F520146D6400B26F62 /* Frameworks */ = {
			isa = PBXFrameworksBuildPhase;
			buildActionMask = 2147483647;
			files = (
			);
			runOnlyForDeploymentPostprocessing = 0;
		};
/* End PBXFrameworksBuildPhase section */

/* Begin PBXGroup section */
		5489A9EF20146D6400B26F62 = {
			isa = PBXGroup;
			children = (
				5489A9FA20146D6400B26F62 /* Chart Watch */,
				5489A9F920146D6400B26F62 /* Products */,
			);
			sourceTree = "<group>";
		};
		5489A9F920146D6400B26F62 /* Products */ = {
			isa = PBXGroup;
			children = (
				5489A9F820146D6400B26F62 /* Chart Watch.app */,
			);
			name = Products;
			sourceTree = "<group>";
		};
		5489A9FA20146D6400B26F62 /* Chart Watch */ = {
			isa = PBXGroup;
			children = (
				5489A9FB20146D6400B26F62 /* AppDelegate.swift */,
				5489AA0120146D6400B26F62 /* Main.storyboard */,
				5489AA0F20146E9400B26F62 /* MusicLibrary.swift */,
				54984E812018DC9F002D8203 /* Downloader.swift */,
				549A23312017A40900CE1F2D /* LibraryTab */,
				5489AA0420146D6400B26F62 /* Assets.xcassets */,
				5489AA0620146D6400B26F62 /* LaunchScreen.storyboard */,
				5489AA0920146D6400B26F62 /* Info.plist */,
			);
			path = "Chart Watch";
			sourceTree = "<group>";
		};
		549A23312017A40900CE1F2D /* LibraryTab */ = {
			isa = PBXGroup;
			children = (
				5489AA1F2014C3DB00B26F62 /* LibraryTableViewController.swift */,
				5489AA1B2014BA4D00B26F62 /* LibraryBasicTableViewCell.swift */,
				5489AA1C2014BA4D00B26F62 /* LibraryBasicTableViewCell.xib */,
				5489AA272014FB2800B26F62 /* LibraryArtistInitialCollectionViewController.swift */,
				5489AA2B2015008100B26F62 /* LibraryArtistInitialCollectionViewCell.swift */,
				5489AA2C2015008100B26F62 /* LibraryArtistInitialCollectionViewCell.xib */,
				5429FAA020160AE6001D2F63 /* ArtistTableViewController.swift */,
				5429FAA2201617A4001D2F63 /* ArtistTableViewCell.swift */,
				5429FAA3201617A4001D2F63 /* ArtistTableViewCell.xib */,
				5429FAA820162F0B001D2F63 /* AlbumCollectionViewController.swift */,
				5429FAAA20162F1F001D2F63 /* AlbumCollectionViewCell.swift */,
				5429FAAB20162F1F001D2F63 /* AlbumCollectionViewCell.xib */,
				5429FAAE2016E35D001D2F63 /* SongTableViewController.swift */,
				5429FAB02016E381001D2F63 /* SongTableViewCell.swift */,
				5429FAB12016E381001D2F63 /* SongTableViewCell.xib */,
				54614114201C50D7000D6ED4 /* TrackTableViewController.swift */,
				5429FAB420179CD3001D2F63 /* TrackTableViewCell.swift */,
				5429FAB520179CD3001D2F63 /* TrackTableViewCell.xib */,
				54614112201B6DE5000D6ED4 /* TrackTableViewHeaderView.swift */,
				5461410E201B6DA0000D6ED4 /* TrackTableViewHeaderView.xib */,
			);
			path = LibraryTab;
			sourceTree = "<group>";
		};
/* End PBXGroup section */

/* Begin PBXNativeTarget section */
		5489A9F720146D6400B26F62 /* Chart Watch */ = {
			isa = PBXNativeTarget;
			buildConfigurationList = 5489AA0C20146D6400B26F62 /* Build configuration list for PBXNativeTarget "Chart Watch" */;
			buildPhases = (
				5489A9F420146D6400B26F62 /* Sources */,
				5489A9F520146D6400B26F62 /* Frameworks */,
				5489A9F620146D6400B26F62 /* Resources */,
			);
			buildRules = (
			);
			dependencies = (
			);
			name = "Chart Watch";
			productName = "Chart Watch";
			productReference = 5489A9F820146D6400B26F62 /* Chart Watch.app */;
			productType = "com.apple.product-type.application";
		};
/* End PBXNativeTarget section */

/* Begin PBXProject section */
		5489A9F020146D6400B26F62 /* Project object */ = {
			isa = PBXProject;
			attributes = {
				LastSwiftUpdateCheck = 0920;
				LastUpgradeCheck = 0920;
				ORGANIZATIONNAME = "Eunmo Yang";
				TargetAttributes = {
					5489A9F720146D6400B26F62 = {
						CreatedOnToolsVersion = 9.2;
						ProvisioningStyle = Automatic;
					};
				};
			};
			buildConfigurationList = 5489A9F320146D6400B26F62 /* Build configuration list for PBXProject "Chart Watch" */;
			compatibilityVersion = "Xcode 8.0";
			developmentRegion = en;
			hasScannedForEncodings = 0;
			knownRegions = (
				en,
				Base,
			);
			mainGroup = 5489A9EF20146D6400B26F62;
			productRefGroup = 5489A9F920146D6400B26F62 /* Products */;
			projectDirPath = "";
			projectRoot = "";
			targets = (
				5489A9F720146D6400B26F62 /* Chart Watch */,
			);
		};
/* End PBXProject section */

/* Begin PBXResourcesBuildPhase section */
		5489A9F620146D6400B26F62 /* Resources */ = {
			isa = PBXResourcesBuildPhase;
			buildActionMask = 2147483647;
			files = (
				5429FAB32016E381001D2F63 /* SongTableViewCell.xib in Resources */,
				5429FAA5201617A4001D2F63 /* ArtistTableViewCell.xib in Resources */,
				5489AA1E2014BA4D00B26F62 /* LibraryBasicTableViewCell.xib in Resources */,
				5489AA0820146D6400B26F62 /* LaunchScreen.storyboard in Resources */,
				5461410F201B6DA0000D6ED4 /* TrackTableViewHeaderView.xib in Resources */,
				5489AA0520146D6400B26F62 /* Assets.xcassets in Resources */,
				5429FAAD20162F1F001D2F63 /* AlbumCollectionViewCell.xib in Resources */,
				5429FAB720179CD3001D2F63 /* TrackTableViewCell.xib in Resources */,
				5489AA2E2015008100B26F62 /* LibraryArtistInitialCollectionViewCell.xib in Resources */,
				5489AA0320146D6400B26F62 /* Main.storyboard in Resources */,
			);
			runOnlyForDeploymentPostprocessing = 0;
		};
/* End PBXResourcesBuildPhase section */

/* Begin PBXSourcesBuildPhase section */
		5489A9F420146D6400B26F62 /* Sources */ = {
			isa = PBXSourcesBuildPhase;
			buildActionMask = 2147483647;
			files = (
				5429FAB22016E381001D2F63 /* SongTableViewCell.swift in Sources */,
				5489AA2D2015008100B26F62 /* LibraryArtistInitialCollectionViewCell.swift in Sources */,
				5489AA1D2014BA4D00B26F62 /* LibraryBasicTableViewCell.swift in Sources */,
				5489A9FC20146D6400B26F62 /* AppDelegate.swift in Sources */,
				5429FAA920162F0B001D2F63 /* AlbumCollectionViewController.swift in Sources */,
				54614115201C50D7000D6ED4 /* TrackTableViewController.swift in Sources */,
				5429FAB620179CD3001D2F63 /* TrackTableViewCell.swift in Sources */,
				5429FAAC20162F1F001D2F63 /* AlbumCollectionViewCell.swift in Sources */,
				5429FAA120160AE6001D2F63 /* ArtistTableViewController.swift in Sources */,
				54984E822018DC9F002D8203 /* Downloader.swift in Sources */,
				5489AA282014FB2800B26F62 /* LibraryArtistInitialCollectionViewController.swift in Sources */,
				5489AA202014C3DB00B26F62 /* LibraryTableViewController.swift in Sources */,
				5429FAA4201617A4001D2F63 /* ArtistTableViewCell.swift in Sources */,
				54614113201B6DE5000D6ED4 /* TrackTableViewHeaderView.swift in Sources */,
				5429FAAF2016E35D001D2F63 /* SongTableViewController.swift in Sources */,
				5489AA1020146E9400B26F62 /* MusicLibrary.swift in Sources */,
			);
			runOnlyForDeploymentPostprocessing = 0;
		};
/* End PBXSourcesBuildPhase section */

/* Begin PBXVariantGroup section */
		5489AA0120146D6400B26F62 /* Main.storyboard */ = {
			isa = PBXVariantGroup;
			children = (
				5489AA0220146D6400B26F62 /* Base */,
			);
			name = Main.storyboard;
			sourceTree = "<group>";
		};
		5489AA0620146D6400B26F62 /* LaunchScreen.storyboard */ = {
			isa = PBXVariantGroup;
			children = (
				5489AA0720146D6400B26F62 /* Base */,
			);
			name = LaunchScreen.storyboard;
			sourceTree = "<group>";
		};
/* End PBXVariantGroup section */

/* Begin XCBuildConfiguration section */
		5489AA0A20146D6400B26F62 /* Debug */ = {
			isa = XCBuildConfiguration;
			buildSettings = {
				ALWAYS_SEARCH_USER_PATHS = NO;
				CLANG_ANALYZER_NONNULL = YES;
				CLANG_ANALYZER_NUMBER_OBJECT_CONVERSION = YES_AGGRESSIVE;
				CLANG_CXX_LANGUAGE_STANDARD = "gnu++14";
				CLANG_CXX_LIBRARY = "libc++";
				CLANG_ENABLE_MODULES = YES;
				CLANG_ENABLE_OBJC_ARC = YES;
				CLANG_WARN_BLOCK_CAPTURE_AUTORELEASING = YES;
				CLANG_WARN_BOOL_CONVERSION = YES;
				CLANG_WARN_COMMA = YES;
				CLANG_WARN_CONSTANT_CONVERSION = YES;
				CLANG_WARN_DIRECT_OBJC_ISA_USAGE = YES_ERROR;
				CLANG_WARN_DOCUMENTATION_COMMENTS = YES;
				CLANG_WARN_EMPTY_BODY = YES;
				CLANG_WARN_ENUM_CONVERSION = YES;
				CLANG_WARN_INFINITE_RECURSION = YES;
				CLANG_WARN_INT_CONVERSION = YES;
				CLANG_WARN_NON_LITERAL_NULL_CONVERSION = YES;
				CLANG_WARN_OBJC_LITERAL_CONVERSION = YES;
				CLANG_WARN_OBJC_ROOT_CLASS = YES_ERROR;
				CLANG_WARN_RANGE_LOOP_ANALYSIS = YES;
				CLANG_WARN_STRICT_PROTOTYPES = YES;
				CLANG_WARN_SUSPICIOUS_MOVE = YES;
				CLANG_WARN_UNGUARDED_AVAILABILITY = YES_AGGRESSIVE;
				CLANG_WARN_UNREACHABLE_CODE = YES;
				CLANG_WARN__DUPLICATE_METHOD_MATCH = YES;
				CODE_SIGN_IDENTITY = "iPhone Developer";
				COPY_PHASE_STRIP = NO;
				DEBUG_INFORMATION_FORMAT = dwarf;
				ENABLE_STRICT_OBJC_MSGSEND = YES;
				ENABLE_TESTABILITY = YES;
				GCC_C_LANGUAGE_STANDARD = gnu11;
				GCC_DYNAMIC_NO_PIC = NO;
				GCC_NO_COMMON_BLOCKS = YES;
				GCC_OPTIMIZATION_LEVEL = 0;
				GCC_PREPROCESSOR_DEFINITIONS = (
					"DEBUG=1",
					"$(inherited)",
				);
				GCC_WARN_64_TO_32_BIT_CONVERSION = YES;
				GCC_WARN_ABOUT_RETURN_TYPE = YES_ERROR;
				GCC_WARN_UNDECLARED_SELECTOR = YES;
				GCC_WARN_UNINITIALIZED_AUTOS = YES_AGGRESSIVE;
				GCC_WARN_UNUSED_FUNCTION = YES;
				GCC_WARN_UNUSED_VARIABLE = YES;
				IPHONEOS_DEPLOYMENT_TARGET = 11.2;
				MTL_ENABLE_DEBUG_INFO = YES;
				ONLY_ACTIVE_ARCH = YES;
				SDKROOT = iphoneos;
				SWIFT_ACTIVE_COMPILATION_CONDITIONS = DEBUG;
				SWIFT_OPTIMIZATION_LEVEL = "-Onone";
			};
			name = Debug;
		};
		5489AA0B20146D6400B26F62 /* Release */ = {
			isa = XCBuildConfiguration;
			buildSettings = {
				ALWAYS_SEARCH_USER_PATHS = NO;
				CLANG_ANALYZER_NONNULL = YES;
				CLANG_ANALYZER_NUMBER_OBJECT_CONVERSION = YES_AGGRESSIVE;
				CLANG_CXX_LANGUAGE_STANDARD = "gnu++14";
				CLANG_CXX_LIBRARY = "libc++";
				CLANG_ENABLE_MODULES = YES;
				CLANG_ENABLE_OBJC_ARC = YES;
				CLANG_WARN_BLOCK_CAPTURE_AUTORELEASING = YES;
				CLANG_WARN_BOOL_CONVERSION = YES;
				CLANG_WARN_COMMA = YES;
				CLANG_WARN_CONSTANT_CONVERSION = YES;
				CLANG_WARN_DIRECT_OBJC_ISA_USAGE = YES_ERROR;
				CLANG_WARN_DOCUMENTATION_COMMENTS = YES;
				CLANG_WARN_EMPTY_BODY = YES;
				CLANG_WARN_ENUM_CONVERSION = YES;
				CLANG_WARN_INFINITE_RECURSION = YES;
				CLANG_WARN_INT_CONVERSION = YES;
				CLANG_WARN_NON_LITERAL_NULL_CONVERSION = YES;
				CLANG_WARN_OBJC_LITERAL_CONVERSION = YES;
				CLANG_WARN_OBJC_ROOT_CLASS = YES_ERROR;
				CLANG_WARN_RANGE_LOOP_ANALYSIS = YES;
				CLANG_WARN_STRICT_PROTOTYPES = YES;
				CLANG_WARN_SUSPICIOUS_MOVE = YES;
				CLANG_WARN_UNGUARDED_AVAILABILITY = YES_AGGRESSIVE;
				CLANG_WARN_UNREACHABLE_CODE = YES;
				CLANG_WARN__DUPLICATE_METHOD_MATCH = YES;
				CODE_SIGN_IDENTITY = "iPhone Developer";
				COPY_PHASE_STRIP = NO;
				DEBUG_INFORMATION_FORMAT = "dwarf-with-dsym";
				ENABLE_NS_ASSERTIONS = NO;
				ENABLE_STRICT_OBJC_MSGSEND = YES;
				GCC_C_LANGUAGE_STANDARD = gnu11;
				GCC_NO_COMMON_BLOCKS = YES;
				GCC_WARN_64_TO_32_BIT_CONVERSION = YES;
				GCC_WARN_ABOUT_RETURN_TYPE = YES_ERROR;
				GCC_WARN_UNDECLARED_SELECTOR = YES;
				GCC_WARN_UNINITIALIZED_AUTOS = YES_AGGRESSIVE;
				GCC_WARN_UNUSED_FUNCTION = YES;
				GCC_WARN_UNUSED_VARIABLE = YES;
				IPHONEOS_DEPLOYMENT_TARGET = 11.2;
				MTL_ENABLE_DEBUG_INFO = NO;
				SDKROOT = iphoneos;
				SWIFT_OPTIMIZATION_LEVEL = "-Owholemodule";
				VALIDATE_PRODUCT = YES;
			};
			name = Release;
		};
		5489AA0D20146D6400B26F62 /* Debug */ = {
			isa = XCBuildConfiguration;
			buildSettings = {
				ASSETCATALOG_COMPILER_APPICON_NAME = AppIcon;
				CODE_SIGN_STYLE = Automatic;
				DEVELOPMENT_TEAM = MN8Y3BHMSS;
				INFOPLIST_FILE = "Chart Watch/Info.plist";
				LD_RUNPATH_SEARCH_PATHS = "$(inherited) @executable_path/Frameworks";
				PRODUCT_BUNDLE_IDENTIFIER = "com.example.Chart-Watch";
				PRODUCT_NAME = "$(TARGET_NAME)";
				SWIFT_VERSION = 4.0;
				TARGETED_DEVICE_FAMILY = "1,2";
			};
			name = Debug;
		};
		5489AA0E20146D6400B26F62 /* Release */ = {
			isa = XCBuildConfiguration;
			buildSettings = {
				ASSETCATALOG_COMPILER_APPICON_NAME = AppIcon;
				CODE_SIGN_STYLE = Automatic;
				DEVELOPMENT_TEAM = MN8Y3BHMSS;
				INFOPLIST_FILE = "Chart Watch/Info.plist";
				LD_RUNPATH_SEARCH_PATHS = "$(inherited) @executable_path/Frameworks";
				PRODUCT_BUNDLE_IDENTIFIER = "com.example.Chart-Watch";
				PRODUCT_NAME = "$(TARGET_NAME)";
				SWIFT_VERSION = 4.0;
				TARGETED_DEVICE_FAMILY = "1,2";
			};
			name = Release;
		};
/* End XCBuildConfiguration section */

/* Begin XCConfigurationList section */
		5489A9F320146D6400B26F62 /* Build configuration list for PBXProject "Chart Watch" */ = {
			isa = XCConfigurationList;
			buildConfigurations = (
				5489AA0A20146D6400B26F62 /* Debug */,
				5489AA0B20146D6400B26F62 /* Release */,
			);
			defaultConfigurationIsVisible = 0;
			defaultConfigurationName = Release;
		};
		5489AA0C20146D6400B26F62 /* Build configuration list for PBXNativeTarget "Chart Watch" */ = {
			isa = XCConfigurationList;
			buildConfigurations = (
				5489AA0D20146D6400B26F62 /* Debug */,
				5489AA0E20146D6400B26F62 /* Release */,
			);
			defaultConfigurationIsVisible = 0;
			defaultConfigurationName = Release;
		};
/* End XCConfigurationList section */
	};
	rootObject = 5489A9F020146D6400B26F62 /* Project object */;
}
